
Microsoft Visual Studio Solution File, Format Version 12.00
# Visual Studio Version 17
VisualStudioVersion = 17.6.33829.357
MinimumVisualStudioVersion = 10.0.40219.1
Project("{FAE04EC0-301F-11D3-BF4B-00C04F79EFBC}") = "Demo", "Demo.csproj", "{A3BDD3BA-B853-460A-89AF-D5C20C8996FB}"
EndProject
Global
	GlobalSection(SolutionConfigurationPlatforms) = preSolution
		Debug|Any CPU = Debug|Any CPU
		Release|Any CPU = Release|Any CPU
	EndGlobalSection
	GlobalSection(ProjectConfigurationPlatforms) = postSolution
		{A3BDD3BA-B853-460A-89AF-D5C20C8996FB}.Debug|Any CPU.ActiveCfg = Debug|Any CPU
		{A3BDD3BA-B853-460A-89AF-D5C20C8996FB}.Debug|Any CPU.Build.0 = Debug|Any CPU
		{A3BDD3BA-B853-460A-89AF-D5C20C8996FB}.Release|Any CPU.ActiveCfg = Release|Any CPU
		{A3BDD3BA-B853-460A-89AF-D5C20C8996FB}.Release|Any CPU.Build.0 = Release|Any CPU
	EndGlobalSection
	GlobalSection(SolutionProperties) = preSolution
		HideSolutionNode = FALSE
	EndGlobalSection
	GlobalSection(ExtensibilityGlobals) = postSolution
		SolutionGuid = {FACC4BC0-F84D-4B88-BD59-01E9D97F83BD}
	EndGlobalSection
EndGlobal
